lockfileVersion: '9.0'

settings:
  autoInstallPeers: true
  excludeLinksFromLockfile: false

importers:

  .:
    dependencies:
      '@supabase/supabase-js':
        specifier: ^2.112.3
        version: 2.112.3
      chart.js:
        specifier: ^4.5.1
        version: 4.5.1
      lucide:
        specifier: ^1.33.0
        version: 1.33.0
    devDependencies:
      '@axe-core/playwright':
        specifier: ^4.13.0
        version: 4.13.0(playwright-core@1.62.1)
      playwright-core:
        specifier: ^1.62.1
        version: 1.62.1

packages:

  '@axe-core/playwright@4.13.0':
    resolution: {integrity: sha512-6YLx+kxXu5GJceG4ozFg+33a2EMTdjYwWGloJ3sb9Kta5pp+ZNS53uxGVog5JetIY8s++P5UrtX+cri+u0VAVg==}
    peerDependencies:
      playwright-core: '>= 1.0.0'

  '@kurkle/color@0.3.4':
    resolution: {integrity: sha512-M5UknZPHRu3DEDWoipU6sE8PdkZ6Z/S+v4dD+Ke8IaNlpdSQah50lz1KtcFBa2vsdOnwbbnxJwVM4wty6udA5w==}

  '@supabase/auth-js@2.112.3':
    resolution: {integrity: sha512-NA0rsgAlWZPvbhw8aUdmgfpHVgUAcd8zK5ov43l++o1bLIPXZhRiAlRobhwF5AatQuovpqxsMH50F4oyyV4XZw==}
    engines: {node: '>=22.0.0'}

  '@supabase/functions-js@2.112.3':
    resolution: {integrity: sha512-gfv481mTOVWtZIJgXupxZpni2V2UWPf6jeF/jOK7HdMHdH+mt6sU0sHHwf0POsPip8ltlulu9OUHgwVzl5ddRw==}
    engines: {node: '>=22.0.0'}

  '@supabase/phoenix@0.4.5':
    resolution: {integrity: sha512-aAn9H9ovVyeApKy11OWOrrOGq8DV68yWeH4ud2lN9fzn4aO8Zb5GLL9m1pUg9nLqIcT+ZDfAcsZe0E/nqdv2lw==}

  '@supabase/postgrest-js@2.112.3':
    resolution: {integrity: sha512-+Mf6uCpzr00bqxwX8hTK2X2L9eAL/1vuOjdEjx6upz9ulb0RmQT16XeU/JkMUlVHw/B46ZnPa2busY4Kd9YCzw==}
    engines: {node: '>=22.0.0'}

  '@supabase/realtime-js@2.112.3':
    resolution: {integrity: sha512-E6wljXWs7DUOloyIB69i3YFInWE6IyCvgTAbQ0KYxOHv26FdA1KzEXTuzxrYEdf70t406Z9BRwUlGyclGF2FXA==}
    engines: {node: '>=22.0.0'}

  '@supabase/storage-js@2.112.3':
    resolution: {integrity: sha512-oSK61tzlUvg+BWPqpKQCu9qqonsO26btaoAR9D6Gest2aj7xUqToj9rKyaoYOJczkhg9BjqA1REbYy9tPI4bDA==}
    engines: {node: '>=22.0.0'}

  '@supabase/supabase-js@2.112.3':
    resolution: {integrity: sha512-Jv1bxVQmEJNkjvPEhFaKjPzsh+Ozyew6lWGD+SoYcsclDEP1z7yEvKvfUQfzy0DkxRIQnZNxmmWtAzw5XLTQoA==}
    engines: {node: '>=22.0.0'}
    peerDependencies:
      '@opentelemetry/api': '>=1.0.0'
    peerDependenciesMeta:
      '@opentelemetry/api':
        optional: true

  axe-core@4.13.0:
    resolution: {integrity: sha512-UzGt8zg7Ny8djbYMhxl2zuEevVa7r2gJjYY5Lwr1xM7+XU2nd6CkIWFTVcCIbAP63vSz71NaVyyuSk9lHKcy0A==}
    engines: {node: '>=4'}

  chart.js@4.5.1:
    resolution: {integrity: sha512-GIjfiT9dbmHRiYi6Nl2yFCq7kkwdkp1W/lp2J99rX0yo9tgJGn3lKQATztIjb5tVtevcBtIdICNWqlq5+E8/Pw==}
    engines: {pnpm: '>=8'}

  iceberg-js@0.8.1:
    resolution: {integrity: sha512-1dhVQZXhcHje7798IVM+xoo/1ZdVfzOMIc8/rgVSijRK38EDqOJoGula9N/8ZI5RD8QTxNQtK/Gozpr+qUqRRA==}
    engines: {node: '>=20.0.0'}

  lucide@1.33.0:
    resolution: {integrity: sha512-qfSZR1mmM65zfGeqonve67gtHBmyJtvlpdMuXiQLN04RaQmEvD0o85S9Gi+A6JQaQXpjKz5FIUBdAUEhb1Lj1Q==}

  playwright-core@1.62.1:
    resolution: {integrity: sha512-wPYSwEBJY9GHraISXqyqtx0na0LpO3XEX7jNDhntbex7tzUS7kLnZsOlFruFJB4Hi/rhDMjXGqHewDZ68nYZVw==}
    engines: {node: '>=20'}
    hasBin: true

  tslib@2.8.1:
    resolution: {integrity: sha512-oJFu94HQb+KVduSUQL7wnpmqnfmLsOA/nAh6b6EH0wCEoK0/mPeXU6c3wKDV83MkOuHPRHtSXKKU99IBazS/2w==}

snapshots:

  '@axe-core/playwright@4.13.0(playwright-core@1.62.1)':
    dependencies:
      axe-core: 4.13.0
      playwright-core: 1.62.1

  '@kurkle/color@0.3.4': {}

  '@supabase/auth-js@2.112.3':
    dependencies:
      tslib: 2.8.1

  '@supabase/functions-js@2.112.3':
    dependencies:
      tslib: 2.8.1

  '@supabase/phoenix@0.4.5': {}

  '@supabase/postgrest-js@2.112.3':
    dependencies:
      tslib: 2.8.1

  '@supabase/realtime-js@2.112.3':
    dependencies:
      '@supabase/phoenix': 0.4.5
      tslib: 2.8.1

  '@supabase/storage-js@2.112.3':
    dependencies:
      iceberg-js: 0.8.1
      tslib: 2.8.1

  '@supabase/supabase-js@2.112.3':
    dependencies:
      '@supabase/auth-js': 2.112.3
      '@supabase/functions-js': 2.112.3
      '@supabase/postgrest-js': 2.112.3
      '@supabase/realtime-js': 2.112.3
      '@supabase/storage-js': 2.112.3

  axe-core@4.13.0: {}

  chart.js@4.5.1:
    dependencies:
      '@kurkle/color': 0.3.4

  iceberg-js@0.8.1: {}

  lucide@1.33.0: {}

  playwright-core@1.62.1: {}

  tslib@2.8.1: {}
