lockfileVersion: '9.0'

settings:
  autoInstallPeers: true
  excludeLinksFromLockfile: false

importers:

  .:
    dependencies:
      chart.js:
        specifier: ^4.5.1
        version: 4.5.1
      lucide:
        specifier: ^1.33.0
        version: 1.33.0
    devDependencies:
      '@axe-core/playwright':
        specifier: ^4.13.0
        version: 4.13.0(playwright-core@1.62.1)
      playwright-core:
        specifier: ^1.62.1
        version: 1.62.1

packages:

  '@axe-core/playwright@4.13.0':
    resolution: {integrity: sha512-6YLx+kxXu5GJceG4ozFg+33a2EMTdjYwWGloJ3sb9Kta5pp+ZNS53uxGVog5JetIY8s++P5UrtX+cri+u0VAVg==}
    peerDependencies:
      playwright-core: '>= 1.0.0'

  '@kurkle/color@0.3.4':
    resolution: {integrity: sha512-M5UknZPHRu3DEDWoipU6sE8PdkZ6Z/S+v4dD+Ke8IaNlpdSQah50lz1KtcFBa2vsdOnwbbnxJwVM4wty6udA5w==}

  axe-core@4.13.0:
    resolution: {integrity: sha512-UzGt8zg7Ny8djbYMhxl2zuEevVa7r2gJjYY5Lwr1xM7+XU2nd6CkIWFTVcCIbAP63vSz71NaVyyuSk9lHKcy0A==}
    engines: {node: '>=4'}

  chart.js@4.5.1:
    resolution: {integrity: sha512-GIjfiT9dbmHRiYi6Nl2yFCq7kkwdkp1W/lp2J99rX0yo9tgJGn3lKQATztIjb5tVtevcBtIdICNWqlq5+E8/Pw==}
    engines: {pnpm: '>=8'}

  lucide@1.33.0:
    resolution: {integrity: sha512-qfSZR1mmM65zfGeqonve67gtHBmyJtvlpdMuXiQLN04RaQmEvD0o85S9Gi+A6JQaQXpjKz5FIUBdAUEhb1Lj1Q==}

  playwright-core@1.62.1:
    resolution: {integrity: sha512-wPYSwEBJY9GHraISXqyqtx0na0LpO3XEX7jNDhntbex7tzUS7kLnZsOlFruFJB4Hi/rhDMjXGqHewDZ68nYZVw==}
    engines: {node: '>=20'}
    hasBin: true

snapshots:

  '@axe-core/playwright@4.13.0(playwright-core@1.62.1)':
    dependencies:
      axe-core: 4.13.0
      playwright-core: 1.62.1

  '@kurkle/color@0.3.4': {}

  axe-core@4.13.0: {}

  chart.js@4.5.1:
    dependencies:
      '@kurkle/color': 0.3.4

  lucide@1.33.0: {}

  playwright-core@1.62.1: {}
